
Microsoft Visual Studio Solution File, Format Version 12.00
# Visual Studio Version 17
VisualStudioVersion = 17.9.34728.123
MinimumVisualStudioVersion = 10.0.40219.1
Project("{FAE04EC0-301F-11D3-BF4B-00C04F79EFBC}") = "PetAPI", "PetAPI.csproj", "{7238704F-DD19-4465-A818-0FC298266E7D}"
EndProject
Global
	GlobalSection(SolutionConfigurationPlatforms) = preSolution
		Debug|Any CPU = Debug|Any CPU
		Release|Any CPU = Release|Any CPU
	EndGlobalSection
	GlobalSection(ProjectConfigurationPlatforms) = postSolution
		{7238704F-DD19-4465-A818-0FC298266E7D}.Debug|Any CPU.ActiveCfg = Debug|Any CPU
		{7238704F-DD19-4465-A818-0FC298266E7D}.Debug|Any CPU.Build.0 = Debug|Any CPU
		{7238704F-DD19-4465-A818-0FC298266E7D}.Release|Any CPU.ActiveCfg = Release|Any CPU
		{7238704F-DD19-4465-A818-0FC298266E7D}.Release|Any CPU.Build.0 = Release|Any CPU
	EndGlobalSection
	GlobalSection(SolutionProperties) = preSolution
		HideSolutionNode = FALSE
	EndGlobalSection
	GlobalSection(ExtensibilityGlobals) = postSolution
		SolutionGuid = {94878C46-F8D7-4514-A448-7CDC914499CC}
	EndGlobalSection
EndGlobal
